
Microsoft Visual Studio Solution File, Format Version 12.00
# Visual Studio 2017
Project("{FAE04EC0-301F-11D3-BF4B-00C04F79EFBC}") = "AngularWebpackVisualStudio", "AngularWebpackVisualStudio.csproj", "{6B671B11-5958-4CA5-8F12-27C92CC48CCC}"
EndProject
Global
	GlobalSection(SolutionConfigurationPlatforms) = preSolution
		Debug|Any CPU = Debug|Any CPU
		Release|Any CPU = Release|Any CPU
	EndGlobalSection
	GlobalSection(ProjectConfigurationPlatforms) = postSolution
		{6B671B11-5958-4CA5-8F12-27C92CC48CCC}.Debug|Any CPU.ActiveCfg = Debug|Any CPU
		{6B671B11-5958-4CA5-8F12-27C92CC48CCC}.Debug|Any CPU.Build.0 = Debug|Any CPU
		{6B671B11-5958-4CA5-8F12-27C92CC48CCC}.Release|Any CPU.ActiveCfg = Release|Any CPU
		{6B671B11-5958-4CA5-8F12-27C92CC48CCC}.Release|Any CPU.Build.0 = Release|Any CPU
	EndGlobalSection
EndGlobal
